
Microsoft Visual Studio Solution File, Format Version 12.00
# Visual Studio Version 17
VisualStudioVersion = 17.11.35303.130
MinimumVisualStudioVersion = 10.0.40219.1
Project("{2150E333-8FDC-42A3-9474-1A3956D46DE8}") = "Core", "Core", "{320DEA3E-0D61-4EE8-B59B-6C4A3CE3000F}"
EndProject
Project("{9A19103F-16F7-4668-BE54-9A1E7A4F7556}") = "CarBook.Domain", "Core\CarBook.Domain\CarBook.Domain.csproj", "{B570A3EC-4FCB-4EFB-BE2D-FFCC83ACB2F0}"
EndProject
Project("{2150E333-8FDC-42A3-9474-1A3956D46DE8}") = "Infrastructer", "Infrastructer", "{5B80ACEC-FBA1-4E5F-A772-35215EEA24F4}"
EndProject
Project("{9A19103F-16F7-4668-BE54-9A1E7A4F7556}") = "CarBook.Persistence", "Infrastructer\CarBook.Persistence\CarBook.Persistence.csproj", "{2870665A-03C6-40FE-9E00-1041598D9384}"
EndProject
Project("{2150E333-8FDC-42A3-9474-1A3956D46DE8}") = "Presentation", "Presentation", "{4267A68B-58B4-4157-98C4-5D04E7CA48B5}"
EndProject
Project("{9A19103F-16F7-4668-BE54-9A1E7A4F7556}") = "CarBook.WebApi", "Presentation\CarBook.WebApi\CarBook.WebApi.csproj", "{6FF33878-DCB1-4314-9586-F20E1BD17D5E}"
EndProject
Project("{9A19103F-16F7-4668-BE54-9A1E7A4F7556}") = "CarBook.Aplication", "Core\CarBook.Aplication\CarBook.Aplication.csproj", "{4FD65DF0-1520-4CA4-82F7-BC372628EF83}"
EndProject
Project("{2150E333-8FDC-42A3-9474-1A3956D46DE8}") = "Frontends", "Frontends", "{928E7D8D-F220-4EC8-9474-6E6F835C9B50}"
EndProject
Project("{9A19103F-16F7-4668-BE54-9A1E7A4F7556}") = "CarBook.WebUI", "Frontends\CarBook.WebUI\CarBook.WebUI.csproj", "{BE31C8B9-801D-4426-988D-7C16185A6BA3}"
EndProject
Project("{9A19103F-16F7-4668-BE54-9A1E7A4F7556}") = "Carbook.DTO", "Frontends\Carbook.DTO\Carbook.DTO.csproj", "{EBA11869-A3BF-47A3-9FCC-9C51292500F8}"
EndProject
Project("{2150E333-8FDC-42A3-9474-1A3956D46DE8}") = "Y-Deneme", "Y-Deneme", "{DDBC5A8E-8418-4632-AA36-EFE4280D5F40}"
EndProject
Project("{2150E333-8FDC-42A3-9474-1A3956D46DE8}") = "Solution Items", "Solution Items", "{D37EB2C6-5F58-4AEE-8D20-0B145BD8ADD8}"
	ProjectSection(SolutionItems) = preProject
		docker-compose.yml = docker-compose.yml
	EndProjectSection
EndProject
Global
	GlobalSection(SolutionConfigurationPlatforms) = preSolution
		Debug|Any CPU = Debug|Any CPU
		Release|Any CPU = Release|Any CPU
	EndGlobalSection
	GlobalSection(ProjectConfigurationPlatforms) = postSolution
		{B570A3EC-4FCB-4EFB-BE2D-FFCC83ACB2F0}.Debug|Any CPU.ActiveCfg = Debug|Any CPU
		{B570A3EC-4FCB-4EFB-BE2D-FFCC83ACB2F0}.Debug|Any CPU.Build.0 = Debug|Any CPU
		{B570A3EC-4FCB-4EFB-BE2D-FFCC83ACB2F0}.Release|Any CPU.ActiveCfg = Release|Any CPU
		{B570A3EC-4FCB-4EFB-BE2D-FFCC83ACB2F0}.Release|Any CPU.Build.0 = Release|Any CPU
		{2870665A-03C6-40FE-9E00-1041598D9384}.Debug|Any CPU.ActiveCfg = Debug|Any CPU
		{2870665A-03C6-40FE-9E00-1041598D9384}.Debug|Any CPU.Build.0 = Debug|Any CPU
		{2870665A-03C6-40FE-9E00-1041598D9384}.Release|Any CPU.ActiveCfg = Release|Any CPU
		{2870665A-03C6-40FE-9E00-1041598D9384}.Release|Any CPU.Build.0 = Release|Any CPU
		{6FF33878-DCB1-4314-9586-F20E1BD17D5E}.Debug|Any CPU.ActiveCfg = Debug|Any CPU
		{6FF33878-DCB1-4314-9586-F20E1BD17D5E}.Debug|Any CPU.Build.0 = Debug|Any CPU
		{6FF33878-DCB1-4314-9586-F20E1BD17D5E}.Release|Any CPU.ActiveCfg = Release|Any CPU
		{6FF33878-DCB1-4314-9586-F20E1BD17D5E}.Release|Any CPU.Build.0 = Release|Any CPU
		{4FD65DF0-1520-4CA4-82F7-BC372628EF83}.Debug|Any CPU.ActiveCfg = Debug|Any CPU
		{4FD65DF0-1520-4CA4-82F7-BC372628EF83}.Debug|Any CPU.Build.0 = Debug|Any CPU
		{4FD65DF0-1520-4CA4-82F7-BC372628EF83}.Release|Any CPU.ActiveCfg = Release|Any CPU
		{4FD65DF0-1520-4CA4-82F7-BC372628EF83}.Release|Any CPU.Build.0 = Release|Any CPU
		{BE31C8B9-801D-4426-988D-7C16185A6BA3}.Debug|Any CPU.ActiveCfg = Debug|Any CPU
		{BE31C8B9-801D-4426-988D-7C16185A6BA3}.Debug|Any CPU.Build.0 = Debug|Any CPU
		{BE31C8B9-801D-4426-988D-7C16185A6BA3}.Release|Any CPU.ActiveCfg = Release|Any CPU
		{BE31C8B9-801D-4426-988D-7C16185A6BA3}.Release|Any CPU.Build.0 = Release|Any CPU
		{EBA11869-A3BF-47A3-9FCC-9C51292500F8}.Debug|Any CPU.ActiveCfg = Debug|Any CPU
		{EBA11869-A3BF-47A3-9FCC-9C51292500F8}.Debug|Any CPU.Build.0 = Debug|Any CPU
		{EBA11869-A3BF-47A3-9FCC-9C51292500F8}.Release|Any CPU.ActiveCfg = Release|Any CPU
		{EBA11869-A3BF-47A3-9FCC-9C51292500F8}.Release|Any CPU.Build.0 = Release|Any CPU
	EndGlobalSection
	GlobalSection(SolutionProperties) = preSolution
		HideSolutionNode = FALSE
	EndGlobalSection
	GlobalSection(NestedProjects) = preSolution
		{B570A3EC-4FCB-4EFB-BE2D-FFCC83ACB2F0} = {320DEA3E-0D61-4EE8-B59B-6C4A3CE3000F}
		{2870665A-03C6-40FE-9E00-1041598D9384} = {5B80ACEC-FBA1-4E5F-A772-35215EEA24F4}
		{6FF33878-DCB1-4314-9586-F20E1BD17D5E} = {4267A68B-58B4-4157-98C4-5D04E7CA48B5}
		{4FD65DF0-1520-4CA4-82F7-BC372628EF83} = {320DEA3E-0D61-4EE8-B59B-6C4A3CE3000F}
		{BE31C8B9-801D-4426-988D-7C16185A6BA3} = {928E7D8D-F220-4EC8-9474-6E6F835C9B50}
		{EBA11869-A3BF-47A3-9FCC-9C51292500F8} = {928E7D8D-F220-4EC8-9474-6E6F835C9B50}
	EndGlobalSection
	GlobalSection(ExtensibilityGlobals) = postSolution
		SolutionGuid = {156C3306-7A60-4D83-AC11-DD2D82E18E47}
	EndGlobalSection
EndGlobal
